
Microsoft Visual Studio Solution File, Format Version 12.00
# Visual Studio 2015
Project("{FAE04EC0-301F-11D3-BF4B-00C04F79EFBC}") = "Holo In one.CSharp", "Holo In one.CSharp.csproj", "{B246B84D-F703-64B9-079E-5D25563770CD}"
EndProject
Global
	GlobalSection(SolutionConfigurationPlatforms) = preSolution
		Debug|Any CPU = Debug|Any CPU
		Release|Any CPU = Release|Any CPU
	EndGlobalSection
	GlobalSection(ProjectConfigurationPlatforms) = postSolution
		{B246B84D-F703-64B9-079E-5D25563770CD}.Debug|Any CPU.ActiveCfg = Debug|Any CPU
		{B246B84D-F703-64B9-079E-5D25563770CD}.Debug|Any CPU.Build.0 = Debug|Any CPU
		{B246B84D-F703-64B9-079E-5D25563770CD}.Release|Any CPU.ActiveCfg = Release|Any CPU
		{B246B84D-F703-64B9-079E-5D25563770CD}.Release|Any CPU.Build.0 = Release|Any CPU
	EndGlobalSection
	GlobalSection(SolutionProperties) = preSolution
		HideSolutionNode = FALSE
	EndGlobalSection
EndGlobal
