Microsoft Visual Studio Solution File, Format Version 11.00
# Visual Studio 2008

Project("{0D75A0A5-4A88-0612-989F-CECA62BFE3A0}") = "V11r", "Assembly-CSharp.csproj", "{C7D52004-8B88-A189-4ECA-22F553C4CC92}"
EndProject
Global
	GlobalSection(SolutionConfigurationPlatforms) = preSolution
		Debug|Any CPU = Debug|Any CPU
		Release|Any CPU = Release|Any CPU
	EndGlobalSection
	GlobalSection(ProjectConfigurationPlatforms) = postSolution
		{C7D52004-8B88-A189-4ECA-22F553C4CC92}.Debug|Any CPU.ActiveCfg = Debug|Any CPU
		{C7D52004-8B88-A189-4ECA-22F553C4CC92}.Debug|Any CPU.Build.0 = Debug|Any CPU
		{C7D52004-8B88-A189-4ECA-22F553C4CC92}.Release|Any CPU.ActiveCfg = Release|Any CPU
		{C7D52004-8B88-A189-4ECA-22F553C4CC92}.Release|Any CPU.Build.0 = Release|Any CPU
	EndGlobalSection
	GlobalSection(SolutionProperties) = preSolution
		HideSolutionNode = FALSE
	EndGlobalSection
	GlobalSection(MonoDevelopProperties) = preSolution
		StartupItem = Assembly-CSharp.csproj
	EndGlobalSection
EndGlobal
